
Microsoft Visual Studio Solution File, Format Version 12.00
# Visual Studio 2012
Project("{FAE04EC0-301F-11D3-BF4B-00C04F79EFBC}") = "KhGitHubTest", "KhGitHubTest.csproj", "{B77FCB8E-A668-4ACA-BE7B-E3837DE2B745}"
EndProject
Project("{FAE04EC0-301F-11D3-BF4B-00C04F79EFBC}") = "PuzzleDemo", "..\PuzzleDemo\PuzzleDemo.csproj", "{4561B0CD-3533-4187-9228-C0121FE7BE21}"
EndProject
Project("{FAE04EC0-301F-11D3-BF4B-00C04F79EFBC}") = "CubeDemo", "..\CubeDemo\CubeDemo.csproj", "{77469CEF-DB02-4DE5-A79C-358B57E4016A}"
EndProject
Project("{FAE04EC0-301F-11D3-BF4B-00C04F79EFBC}") = "Caffeine", "..\Caffeine\Caffeine.csproj", "{AB9ABFFE-9F2D-48BE-896D-7A3E965BD1D8}"
EndProject
Global
	GlobalSection(SolutionConfigurationPlatforms) = preSolution
		Debug|Any CPU = Debug|Any CPU
		Release|Any CPU = Release|Any CPU
	EndGlobalSection
	GlobalSection(ProjectConfigurationPlatforms) = postSolution
		{B77FCB8E-A668-4ACA-BE7B-E3837DE2B745}.Debug|Any CPU.ActiveCfg = Debug|Any CPU
		{B77FCB8E-A668-4ACA-BE7B-E3837DE2B745}.Debug|Any CPU.Build.0 = Debug|Any CPU
		{B77FCB8E-A668-4ACA-BE7B-E3837DE2B745}.Release|Any CPU.ActiveCfg = Release|Any CPU
		{B77FCB8E-A668-4ACA-BE7B-E3837DE2B745}.Release|Any CPU.Build.0 = Release|Any CPU
		{4561B0CD-3533-4187-9228-C0121FE7BE21}.Debug|Any CPU.ActiveCfg = Debug|Any CPU
		{4561B0CD-3533-4187-9228-C0121FE7BE21}.Debug|Any CPU.Build.0 = Debug|Any CPU
		{4561B0CD-3533-4187-9228-C0121FE7BE21}.Release|Any CPU.ActiveCfg = Release|Any CPU
		{4561B0CD-3533-4187-9228-C0121FE7BE21}.Release|Any CPU.Build.0 = Release|Any CPU
		{77469CEF-DB02-4DE5-A79C-358B57E4016A}.Debug|Any CPU.ActiveCfg = Debug|Any CPU
		{77469CEF-DB02-4DE5-A79C-358B57E4016A}.Debug|Any CPU.Build.0 = Debug|Any CPU
		{77469CEF-DB02-4DE5-A79C-358B57E4016A}.Release|Any CPU.ActiveCfg = Release|Any CPU
		{77469CEF-DB02-4DE5-A79C-358B57E4016A}.Release|Any CPU.Build.0 = Release|Any CPU
		{AB9ABFFE-9F2D-48BE-896D-7A3E965BD1D8}.Debug|Any CPU.ActiveCfg = Debug|Any CPU
		{AB9ABFFE-9F2D-48BE-896D-7A3E965BD1D8}.Debug|Any CPU.Build.0 = Debug|Any CPU
		{AB9ABFFE-9F2D-48BE-896D-7A3E965BD1D8}.Release|Any CPU.ActiveCfg = Release|Any CPU
		{AB9ABFFE-9F2D-48BE-896D-7A3E965BD1D8}.Release|Any CPU.Build.0 = Release|Any CPU
	EndGlobalSection
	GlobalSection(SolutionProperties) = preSolution
		HideSolutionNode = FALSE
	EndGlobalSection
EndGlobal
